
Microsoft Visual Studio Solution File, Format Version 12.00
# Visual Studio Version 17
VisualStudioVersion = 17.2.32519.379
MinimumVisualStudioVersion = 10.0.40219.1
Project("{9A19103F-16F7-4668-BE54-9A1E7A4F7556}") = "Model", "Model\Model.csproj", "{9D15970B-655F-47DF-9BC5-B82B50ABA53A}"
EndProject
Project("{9A19103F-16F7-4668-BE54-9A1E7A4F7556}") = "Logic", "Logic\Logic.csproj", "{7DAA1BDD-806B-45B2-8941-64BFFABB1AE4}"
EndProject
Project("{9A19103F-16F7-4668-BE54-9A1E7A4F7556}") = "IdiomaticaWeb", "IdiomaticaWeb\IdiomaticaWeb.csproj", "{B8457729-75BE-4564-BE1C-876FB8E4D74F}"
EndProject
Project("{9A19103F-16F7-4668-BE54-9A1E7A4F7556}") = "DataTransferCLI", "DataTransferCLI\DataTransferCLI.csproj", "{3EC4FB43-79F5-41D0-8129-6F0960E20623}"
EndProject
Project("{2150E333-8FDC-42A3-9474-1A3956D46DE8}") = "Solution Items", "Solution Items", "{3364BEEC-7E63-42D4-8B22-15B19F74FE76}"
	ProjectSection(SolutionItems) = preProject
		.editorconfig = .editorconfig
		testing steps.txt = testing steps.txt
	EndProjectSection
EndProject
Project("{9A19103F-16F7-4668-BE54-9A1E7A4F7556}") = "TestsBench", "TestsBench\TestsBench.csproj", "{06D2E379-B748-4C48-923B-E232DCD31414}"
EndProject
Project("{FAE04EC0-301F-11D3-BF4B-00C04F79EFBC}") = "LogicTests", "LogicTests\LogicTests.csproj", "{B9CF6616-1BDF-4B5E-B5CA-D4F00041217F}"
EndProject
Global
	GlobalSection(SolutionConfigurationPlatforms) = preSolution
		Debug|Any CPU = Debug|Any CPU
		Release|Any CPU = Release|Any CPU
	EndGlobalSection
	GlobalSection(ProjectConfigurationPlatforms) = postSolution
		{9D15970B-655F-47DF-9BC5-B82B50ABA53A}.Debug|Any CPU.ActiveCfg = Debug|Any CPU
		{9D15970B-655F-47DF-9BC5-B82B50ABA53A}.Debug|Any CPU.Build.0 = Debug|Any CPU
		{9D15970B-655F-47DF-9BC5-B82B50ABA53A}.Release|Any CPU.ActiveCfg = Release|Any CPU
		{9D15970B-655F-47DF-9BC5-B82B50ABA53A}.Release|Any CPU.Build.0 = Release|Any CPU
		{7DAA1BDD-806B-45B2-8941-64BFFABB1AE4}.Debug|Any CPU.ActiveCfg = Debug|Any CPU
		{7DAA1BDD-806B-45B2-8941-64BFFABB1AE4}.Debug|Any CPU.Build.0 = Debug|Any CPU
		{7DAA1BDD-806B-45B2-8941-64BFFABB1AE4}.Release|Any CPU.ActiveCfg = Release|Any CPU
		{7DAA1BDD-806B-45B2-8941-64BFFABB1AE4}.Release|Any CPU.Build.0 = Release|Any CPU
		{B8457729-75BE-4564-BE1C-876FB8E4D74F}.Debug|Any CPU.ActiveCfg = Debug|Any CPU
		{B8457729-75BE-4564-BE1C-876FB8E4D74F}.Debug|Any CPU.Build.0 = Debug|Any CPU
		{B8457729-75BE-4564-BE1C-876FB8E4D74F}.Release|Any CPU.ActiveCfg = Release|Any CPU
		{B8457729-75BE-4564-BE1C-876FB8E4D74F}.Release|Any CPU.Build.0 = Release|Any CPU
		{3EC4FB43-79F5-41D0-8129-6F0960E20623}.Debug|Any CPU.ActiveCfg = Debug|Any CPU
		{3EC4FB43-79F5-41D0-8129-6F0960E20623}.Debug|Any CPU.Build.0 = Debug|Any CPU
		{3EC4FB43-79F5-41D0-8129-6F0960E20623}.Release|Any CPU.ActiveCfg = Release|Any CPU
		{3EC4FB43-79F5-41D0-8129-6F0960E20623}.Release|Any CPU.Build.0 = Release|Any CPU
		{06D2E379-B748-4C48-923B-E232DCD31414}.Debug|Any CPU.ActiveCfg = Debug|Any CPU
		{06D2E379-B748-4C48-923B-E232DCD31414}.Debug|Any CPU.Build.0 = Debug|Any CPU
		{06D2E379-B748-4C48-923B-E232DCD31414}.Release|Any CPU.ActiveCfg = Release|Any CPU
		{06D2E379-B748-4C48-923B-E232DCD31414}.Release|Any CPU.Build.0 = Release|Any CPU
		{B9CF6616-1BDF-4B5E-B5CA-D4F00041217F}.Debug|Any CPU.ActiveCfg = Debug|Any CPU
		{B9CF6616-1BDF-4B5E-B5CA-D4F00041217F}.Debug|Any CPU.Build.0 = Debug|Any CPU
		{B9CF6616-1BDF-4B5E-B5CA-D4F00041217F}.Release|Any CPU.ActiveCfg = Release|Any CPU
		{B9CF6616-1BDF-4B5E-B5CA-D4F00041217F}.Release|Any CPU.Build.0 = Release|Any CPU
	EndGlobalSection
	GlobalSection(SolutionProperties) = preSolution
		HideSolutionNode = FALSE
	EndGlobalSection
	GlobalSection(ExtensibilityGlobals) = postSolution
		SolutionGuid = {0CF67993-8ECA-466A-947A-2349DF049E34}
	EndGlobalSection
EndGlobal
